
Microsoft Visual Studio Solution File, Format Version 12.00
# Visual Studio 15
VisualStudioVersion = 15.0.28010.2016
MinimumVisualStudioVersion = 10.0.40219.1
Project("{FAE04EC0-301F-11D3-BF4B-00C04F79EFBC}") = "SignalGrapher", "SignalGrapher\SignalGrapher.csproj", "{E415AAE4-18FC-4927-B9B7-4D6C824DE40E}"
EndProject
Global
	GlobalSection(SolutionConfigurationPlatforms) = preSolution
		Debug|Any CPU = Debug|Any CPU
		Release|Any CPU = Release|Any CPU
	EndGlobalSection
	GlobalSection(ProjectConfigurationPlatforms) = postSolution
		{E415AAE4-18FC-4927-B9B7-4D6C824DE40E}.Debug|Any CPU.ActiveCfg = Debug|Any CPU
		{E415AAE4-18FC-4927-B9B7-4D6C824DE40E}.Debug|Any CPU.Build.0 = Debug|Any CPU
		{E415AAE4-18FC-4927-B9B7-4D6C824DE40E}.Release|Any CPU.ActiveCfg = Release|Any CPU
		{E415AAE4-18FC-4927-B9B7-4D6C824DE40E}.Release|Any CPU.Build.0 = Release|Any CPU
	EndGlobalSection
	GlobalSection(SolutionProperties) = preSolution
		HideSolutionNode = FALSE
	EndGlobalSection
	GlobalSection(ExtensibilityGlobals) = postSolution
		SolutionGuid = {4A752660-4356-47E6-8336-B1430B46754E}
	EndGlobalSection
EndGlobal
